
Microsoft Visual Studio Solution File, Format Version 12.00
# Visual Studio 2013
VisualStudioVersion = 12.0.31101.0
MinimumVisualStudioVersion = 10.0.40219.1
Project("{FAE04EC0-301F-11D3-BF4B-00C04F79EFBC}") = "AccessibleOutput", "AccessibleOutput.csproj", "{8915423F-3E9D-4A0A-BA90-7BCA8B05603E}"
EndProject
Global
	GlobalSection(SolutionConfigurationPlatforms) = preSolution
		Debug|Any CPU = Debug|Any CPU
		Release|Any CPU = Release|Any CPU
	EndGlobalSection
	GlobalSection(ProjectConfigurationPlatforms) = postSolution
		{8915423F-3E9D-4A0A-BA90-7BCA8B05603E}.Debug|Any CPU.ActiveCfg = Debug|Any CPU
		{8915423F-3E9D-4A0A-BA90-7BCA8B05603E}.Debug|Any CPU.Build.0 = Debug|Any CPU
		{8915423F-3E9D-4A0A-BA90-7BCA8B05603E}.Release|Any CPU.ActiveCfg = Release|Any CPU
		{8915423F-3E9D-4A0A-BA90-7BCA8B05603E}.Release|Any CPU.Build.0 = Release|Any CPU
	EndGlobalSection
	GlobalSection(SolutionProperties) = preSolution
		HideSolutionNode = FALSE
	EndGlobalSection
EndGlobal
